// !$*UTF8*$!
{
	archiveVersion = 1;
	classes = {
	};
	objectVersion = 56;
	objects = {

/* Begin PBXBuildFile section */
		14348A1A295A35D100B75F89 /* AppDelegate.swift in Sources */ = {isa = PBXBuildFile; fileRef = 14348A19295A35D100B75F89 /* AppDelegate.swift */; };
		14348A1C295A35D100B75F89 /* SceneDelegate.swift in Sources */ = {isa = PBXBuildFile; fileRef = 14348A1B295A35D100B75F89 /* SceneDelegate.swift */; };
		14348A23295A35D200B75F89 /* Assets.xcassets in Resources */ = {isa = PBXBuildFile; fileRef = 14348A22295A35D200B75F89 /* Assets.xcassets */; };
		14348A26295A35D200B75F89 /* LaunchScreen.storyboard in Resources */ = {isa = PBXBuildFile; fileRef = 14348A24295A35D200B75F89 /* LaunchScreen.storyboard */; };
		14348A2F295A367600B75F89 /* LoginVC.swift in Sources */ = {isa = PBXBuildFile; fileRef = 14348A2E295A367600B75F89 /* LoginVC.swift */; };
		14348A32295A370400B75F89 /* GFEmailTextField.swift in Sources */ = {isa = PBXBuildFile; fileRef = 14348A31295A370400B75F89 /* GFEmailTextField.swift */; };
		145016BF2969CB0800FAE165 /* GFButton.swift in Sources */ = {isa = PBXBuildFile; fileRef = 145016BE2969CB0800FAE165 /* GFButton.swift */; };
		145016C12969FFDD00FAE165 /* SignUpVC.swift in Sources */ = {isa = PBXBuildFile; fileRef = 145016C02969FFDD00FAE165 /* SignUpVC.swift */; };
		14B6BFB6295CDFDC0026262B /* MainTabBarController.swift in Sources */ = {isa = PBXBuildFile; fileRef = 14B6BFB5295CDFDC0026262B /* MainTabBarController.swift */; };
		14B6BFB8295CE2D90026262B /* GFPasswordTextField.swift in Sources */ = {isa = PBXBuildFile; fileRef = 14B6BFB7295CE2D90026262B /* GFPasswordTextField.swift */; };
		14DDEF41296CB448002277C1 /* HomeVC.swift in Sources */ = {isa = PBXBuildFile; fileRef = 14DDEF40296CB448002277C1 /* HomeVC.swift */; };
		14DDEF43296CB463002277C1 /* QuestionAnswerVC.swift in Sources */ = {isa = PBXBuildFile; fileRef = 14DDEF42296CB463002277C1 /* QuestionAnswerVC.swift */; };
		14DDEF45296CB47A002277C1 /* MenuVC.swift in Sources */ = {isa = PBXBuildFile; fileRef = 14DDEF44296CB47A002277C1 /* MenuVC.swift */; };
		14DDEF47296CB866002277C1 /* GFCircleButton.swift in Sources */ = {isa = PBXBuildFile; fileRef = 14DDEF46296CB866002277C1 /* GFCircleButton.swift */; };
		14E4F153296B2EC600EAA64E /* GoogleService-Info.plist in Resources */ = {isa = PBXBuildFile; fileRef = 14E4F152296B2EC600EAA64E /* GoogleService-Info.plist */; };
		14E4F157296B438300EAA64E /* FirebaseAuth in Frameworks */ = {isa = PBXBuildFile; productRef = 14E4F156296B438300EAA64E /* FirebaseAuth */; };
		14E4F159296B438300EAA64E /* FirebaseDatabase in Frameworks */ = {isa = PBXBuildFile; productRef = 14E4F158296B438300EAA64E /* FirebaseDatabase */; };
		14E4F15B296B438300EAA64E /* FirebaseFirestore in Frameworks */ = {isa = PBXBuildFile; productRef = 14E4F15A296B438300EAA64E /* FirebaseFirestore */; };
		14E4F15D296B438300EAA64E /* FirebaseFunctions in Frameworks */ = {isa = PBXBuildFile; productRef = 14E4F15C296B438300EAA64E /* FirebaseFunctions */; };
		14E4F15F296B438300EAA64E /* FirebaseStorage in Frameworks */ = {isa = PBXBuildFile; productRef = 14E4F15E296B438300EAA64E /* FirebaseStorage */; };
		14E4F163296B470000EAA64E /* AuthService.swift in Sources */ = {isa = PBXBuildFile; fileRef = 14E4F162296B470000EAA64E /* AuthService.swift */; };
		14E4F166296B48B800EAA64E /* CustomDialog.swift in Sources */ = {isa = PBXBuildFile; fileRef = 14E4F165296B48B800EAA64E /* CustomDialog.swift */; };
/* End PBXBuildFile section */

/* Begin PBXFileReference section */
		14348A16295A35D100B75F89 /* mentor.app */ = {isa = PBXFileReference; explicitFileType = wrapper.application; includeInIndex = 0; path = mentor.app; sourceTree = BUILT_PRODUCTS_DIR; };
		14348A19295A35D100B75F89 /* AppDelegate.swift */ = {isa = PBXFileReference; lastKnownFileType = sourcecode.swift; path = AppDelegate.swift; sourceTree = "<group>"; };
		14348A1B295A35D100B75F89 /* SceneDelegate.swift */ = {isa = PBXFileReference; lastKnownFileType = sourcecode.swift; path = SceneDelegate.swift; sourceTree = "<group>"; };
		14348A22295A35D200B75F89 /* Assets.xcassets */ = {isa = PBXFileReference; lastKnownFileType = folder.assetcatalog; path = Assets.xcassets; sourceTree = "<group>"; };
		14348A25295A35D200B75F89 /* Base */ = {isa = PBXFileReference; lastKnownFileType = file.storyboard; name = Base; path = Base.lproj/LaunchScreen.storyboard; sourceTree = "<group>"; };
		14348A27295A35D200B75F89 /* Info.plist */ = {isa = PBXFileReference; lastKnownFileType = text.plist.xml; path = Info.plist; sourceTree = "<group>"; };
		14348A2E295A367600B75F89 /* LoginVC.swift */ = {isa = PBXFileReference; lastKnownFileType = sourcecode.swift; path = LoginVC.swift; sourceTree = "<group>"; };
		14348A31295A370400B75F89 /* GFEmailTextField.swift */ = {isa = PBXFileReference; lastKnownFileType = sourcecode.swift; path = GFEmailTextField.swift; sourceTree = "<group>"; };
		145016BE2969CB0800FAE165 /* GFButton.swift */ = {isa = PBXFileReference; lastKnownFileType = sourcecode.swift; path = GFButton.swift; sourceTree = "<group>"; };
		145016C02969FFDD00FAE165 /* SignUpVC.swift */ = {isa = PBXFileReference; lastKnownFileType = sourcecode.swift; path = SignUpVC.swift; sourceTree = "<group>"; };
		14B6BFB5295CDFDC0026262B /* MainTabBarController.swift */ = {isa = PBXFileReference; lastKnownFileType = sourcecode.swift; path = MainTabBarController.swift; sourceTree = "<group>"; };
		14B6BFB7295CE2D90026262B /* GFPasswordTextField.swift */ = {isa = PBXFileReference; lastKnownFileType = sourcecode.swift; path = GFPasswordTextField.swift; sourceTree = "<group>"; };
		14DDEF40296CB448002277C1 /* HomeVC.swift */ = {isa = PBXFileReference; lastKnownFileType = sourcecode.swift; path = HomeVC.swift; sourceTree = "<group>"; };
		14DDEF42296CB463002277C1 /* QuestionAnswerVC.swift */ = {isa = PBXFileReference; lastKnownFileType = sourcecode.swift; path = QuestionAnswerVC.swift; sourceTree = "<group>"; };
		14DDEF44296CB47A002277C1 /* MenuVC.swift */ = {isa = PBXFileReference; lastKnownFileType = sourcecode.swift; path = MenuVC.swift; sourceTree = "<group>"; };
		14DDEF46296CB866002277C1 /* GFCircleButton.swift */ = {isa = PBXFileReference; lastKnownFileType = sourcecode.swift; path = GFCircleButton.swift; sourceTree = "<group>"; };
		14E4F152296B2EC600EAA64E /* GoogleService-Info.plist */ = {isa = PBXFileReference; fileEncoding = 4; lastKnownFileType = text.plist.xml; name = "GoogleService-Info.plist"; path = "../../../../Downloads/GoogleService-Info.plist"; sourceTree = "<group>"; };
		14E4F162296B470000EAA64E /* AuthService.swift */ = {isa = PBXFileReference; lastKnownFileType = sourcecode.swift; path = AuthService.swift; sourceTree = "<group>"; };
		14E4F165296B48B800EAA64E /* CustomDialog.swift */ = {isa = PBXFileReference; lastKnownFileType = sourcecode.swift; path = CustomDialog.swift; sourceTree = "<group>"; };
/* End PBXFileReference section */

/* Begin PBXFrameworksBuildPhase section */
		14348A13295A35D100B75F89 /* Frameworks */ = {
			isa = PBXFrameworksBuildPhase;
			buildActionMask = 2147483647;
			files = (
				14E4F159296B438300EAA64E /* FirebaseDatabase in Frameworks */,
				14E4F157296B438300EAA64E /* FirebaseAuth in Frameworks */,
				14E4F15B296B438300EAA64E /* FirebaseFirestore in Frameworks */,
				14E4F15F296B438300EAA64E /* FirebaseStorage in Frameworks */,
				14E4F15D296B438300EAA64E /* FirebaseFunctions in Frameworks */,
			);
			runOnlyForDeploymentPostprocessing = 0;
		};
/* End PBXFrameworksBuildPhase section */

/* Begin PBXGroup section */
		14348A0D295A35D100B75F89 = {
			isa = PBXGroup;
			children = (
				14348A18295A35D100B75F89 /* mentor */,
				14348A17295A35D100B75F89 /* Products */,
			);
			sourceTree = "<group>";
		};
		14348A17295A35D100B75F89 /* Products */ = {
			isa = PBXGroup;
			children = (
				14348A16295A35D100B75F89 /* mentor.app */,
			);
			name = Products;
			sourceTree = "<group>";
		};
		14348A18295A35D100B75F89 /* mentor */ = {
			isa = PBXGroup;
			children = (
				14E4F164296B489500EAA64E /* Utils */,
				14E4F160296B46DD00EAA64E /* Service */,
				14B6BFB4295CDFA60026262B /* Screens */,
				14348A30295A36BC00B75F89 /* Components */,
				14348A19295A35D100B75F89 /* AppDelegate.swift */,
				14348A1B295A35D100B75F89 /* SceneDelegate.swift */,
				14348A22295A35D200B75F89 /* Assets.xcassets */,
				14348A24295A35D200B75F89 /* LaunchScreen.storyboard */,
				14348A27295A35D200B75F89 /* Info.plist */,
				14E4F152296B2EC600EAA64E /* GoogleService-Info.plist */,
			);
			path = mentor;
			sourceTree = "<group>";
		};
		14348A2D295A365B00B75F89 /* Auth */ = {
			isa = PBXGroup;
			children = (
				14348A2E295A367600B75F89 /* LoginVC.swift */,
				145016C02969FFDD00FAE165 /* SignUpVC.swift */,
			);
			path = Auth;
			sourceTree = "<group>";
		};
		14348A30295A36BC00B75F89 /* Components */ = {
			isa = PBXGroup;
			children = (
				14348A31295A370400B75F89 /* GFEmailTextField.swift */,
				14B6BFB7295CE2D90026262B /* GFPasswordTextField.swift */,
				145016BE2969CB0800FAE165 /* GFButton.swift */,
				14DDEF46296CB866002277C1 /* GFCircleButton.swift */,
			);
			path = Components;
			sourceTree = "<group>";
		};
		14B6BFB4295CDFA60026262B /* Screens */ = {
			isa = PBXGroup;
			children = (
				14DDEF48296CBC5F002277C1 /* Menu */,
				14348A2D295A365B00B75F89 /* Auth */,
				14B6BFB5295CDFDC0026262B /* MainTabBarController.swift */,
			);
			path = Screens;
			sourceTree = "<group>";
		};
		14DDEF48296CBC5F002277C1 /* Menu */ = {
			isa = PBXGroup;
			children = (
				14DDEF40296CB448002277C1 /* HomeVC.swift */,
				14DDEF42296CB463002277C1 /* QuestionAnswerVC.swift */,
				14DDEF44296CB47A002277C1 /* MenuVC.swift */,
			);
			path = Menu;
			sourceTree = "<group>";
		};
		14E4F160296B46DD00EAA64E /* Service */ = {
			isa = PBXGroup;
			children = (
				14E4F161296B46E600EAA64E /* Auth */,
			);
			path = Service;
			sourceTree = "<group>";
		};
		14E4F161296B46E600EAA64E /* Auth */ = {
			isa = PBXGroup;
			children = (
				14E4F162296B470000EAA64E /* AuthService.swift */,
			);
			path = Auth;
			sourceTree = "<group>";
		};
		14E4F164296B489500EAA64E /* Utils */ = {
			isa = PBXGroup;
			children = (
				14E4F165296B48B800EAA64E /* CustomDialog.swift */,
			);
			path = Utils;
			sourceTree = "<group>";
		};
/* End PBXGroup section */

/* Begin PBXNativeTarget section */
		14348A15295A35D100B75F89 /* mentor */ = {
			isa = PBXNativeTarget;
			buildConfigurationList = 14348A2A295A35D200B75F89 /* Build configuration list for PBXNativeTarget "mentor" */;
			buildPhases = (
				14348A12295A35D100B75F89 /* Sources */,
				14348A13295A35D100B75F89 /* Frameworks */,
				14348A14295A35D100B75F89 /* Resources */,
			);
			buildRules = (
			);
			dependencies = (
			);
			name = mentor;
			packageProductDependencies = (
				14E4F156296B438300EAA64E /* FirebaseAuth */,
				14E4F158296B438300EAA64E /* FirebaseDatabase */,
				14E4F15A296B438300EAA64E /* FirebaseFirestore */,
				14E4F15C296B438300EAA64E /* FirebaseFunctions */,
				14E4F15E296B438300EAA64E /* FirebaseStorage */,
			);
			productName = mentor;
			productReference = 14348A16295A35D100B75F89 /* mentor.app */;
			productType = "com.apple.product-type.application";
		};
/* End PBXNativeTarget section */

/* Begin PBXProject section */
		14348A0E295A35D100B75F89 /* Project object */ = {
			isa = PBXProject;
			attributes = {
				BuildIndependentTargetsInParallel = 1;
				LastSwiftUpdateCheck = 1420;
				LastUpgradeCheck = 1420;
				TargetAttributes = {
					14348A15295A35D100B75F89 = {
						CreatedOnToolsVersion = 14.2;
					};
				};
			};
			buildConfigurationList = 14348A11295A35D100B75F89 /* Build configuration list for PBXProject "mentor" */;
			compatibilityVersion = "Xcode 14.0";
			developmentRegion = en;
			hasScannedForEncodings = 0;
			knownRegions = (
				en,
				Base,
			);
			mainGroup = 14348A0D295A35D100B75F89;
			packageReferences = (
				14E4F155296B438300EAA64E /* XCRemoteSwiftPackageReference "firebase-ios-sdk" */,
			);
			productRefGroup = 14348A17295A35D100B75F89 /* Products */;
			projectDirPath = "";
			projectRoot = "";
			targets = (
				14348A15295A35D100B75F89 /* mentor */,
			);
		};
/* End PBXProject section */

/* Begin PBXResourcesBuildPhase section */
		14348A14295A35D100B75F89 /* Resources */ = {
			isa = PBXResourcesBuildPhase;
			buildActionMask = 2147483647;
			files = (
				14348A26295A35D200B75F89 /* LaunchScreen.storyboard in Resources */,
				14348A23295A35D200B75F89 /* Assets.xcassets in Resources */,
				14E4F153296B2EC600EAA64E /* GoogleService-Info.plist in Resources */,
			);
			runOnlyForDeploymentPostprocessing = 0;
		};
/* End PBXResourcesBuildPhase section */

/* Begin PBXSourcesBuildPhase section */
		14348A12295A35D100B75F89 /* Sources */ = {
			isa = PBXSourcesBuildPhase;
			buildActionMask = 2147483647;
			files = (
				14348A1A295A35D100B75F89 /* AppDelegate.swift in Sources */,
				14348A32295A370400B75F89 /* GFEmailTextField.swift in Sources */,
				14E4F166296B48B800EAA64E /* CustomDialog.swift in Sources */,
				145016C12969FFDD00FAE165 /* SignUpVC.swift in Sources */,
				14E4F163296B470000EAA64E /* AuthService.swift in Sources */,
				14348A2F295A367600B75F89 /* LoginVC.swift in Sources */,
				14DDEF47296CB866002277C1 /* GFCircleButton.swift in Sources */,
				14DDEF45296CB47A002277C1 /* MenuVC.swift in Sources */,
				14DDEF43296CB463002277C1 /* QuestionAnswerVC.swift in Sources */,
				145016BF2969CB0800FAE165 /* GFButton.swift in Sources */,
				14B6BFB8295CE2D90026262B /* GFPasswordTextField.swift in Sources */,
				14B6BFB6295CDFDC0026262B /* MainTabBarController.swift in Sources */,
				14DDEF41296CB448002277C1 /* HomeVC.swift in Sources */,
				14348A1C295A35D100B75F89 /* SceneDelegate.swift in Sources */,
			);
			runOnlyForDeploymentPostprocessing = 0;
		};
/* End PBXSourcesBuildPhase section */

/* Begin PBXVariantGroup section */
		14348A24295A35D200B75F89 /* LaunchScreen.storyboard */ = {
			isa = PBXVariantGroup;
			children = (
				14348A25295A35D200B75F89 /* Base */,
			);
			name = LaunchScreen.storyboard;
			sourceTree = "<group>";
		};
/* End PBXVariantGroup section */

/* Begin XCBuildConfiguration section */
		14348A28295A35D200B75F89 /* Debug */ = {
			isa = XCBuildConfiguration;
			buildSettings = {
				ALWAYS_SEARCH_USER_PATHS = NO;
				CLANG_ANALYZER_NONNULL = YES;
				CLANG_ANALYZER_NUMBER_OBJECT_CONVERSION = YES_AGGRESSIVE;
				CLANG_CXX_LANGUAGE_STANDARD = "gnu++20";
				CLANG_ENABLE_MODULES = YES;
				CLANG_ENABLE_OBJC_ARC = YES;
				CLANG_ENABLE_OBJC_WEAK = YES;
				CLANG_WARN_BLOCK_CAPTURE_AUTORELEASING = YES;
				CLANG_WARN_BOOL_CONVERSION = YES;
				CLANG_WARN_COMMA = YES;
				CLANG_WARN_CONSTANT_CONVERSION = YES;
				CLANG_WARN_DEPRECATED_OBJC_IMPLEMENTATIONS = YES;
				CLANG_WARN_DIRECT_OBJC_ISA_USAGE = YES_ERROR;
				CLANG_WARN_DOCUMENTATION_COMMENTS = YES;
				CLANG_WARN_EMPTY_BODY = YES;
				CLANG_WARN_ENUM_CONVERSION = YES;
				CLANG_WARN_INFINITE_RECURSION = YES;
				CLANG_WARN_INT_CONVERSION = YES;
				CLANG_WARN_NON_LITERAL_NULL_CONVERSION = YES;
				CLANG_WARN_OBJC_IMPLICIT_RETAIN_SELF = YES;
				CLANG_WARN_OBJC_LITERAL_CONVERSION = YES;
				CLANG_WARN_OBJC_ROOT_CLASS = YES_ERROR;
				CLANG_WARN_QUOTED_INCLUDE_IN_FRAMEWORK_HEADER = YES;
				CLANG_WARN_RANGE_LOOP_ANALYSIS = YES;
				CLANG_WARN_STRICT_PROTOTYPES = YES;
				CLANG_WARN_SUSPICIOUS_MOVE = YES;
				CLANG_WARN_UNGUARDED_AVAILABILITY = YES_AGGRESSIVE;
				CLANG_WARN_UNREACHABLE_CODE = YES;
				CLANG_WARN__DUPLICATE_METHOD_MATCH = YES;
				COPY_PHASE_STRIP = NO;
				DEBUG_INFORMATION_FORMAT = dwarf;
				ENABLE_STRICT_OBJC_MSGSEND = YES;
				ENABLE_TESTABILITY = YES;
				GCC_C_LANGUAGE_STANDARD = gnu11;
				GCC_DYNAMIC_NO_PIC = NO;
				GCC_NO_COMMON_BLOCKS = YES;
				GCC_OPTIMIZATION_LEVEL = 0;
				GCC_PREPROCESSOR_DEFINITIONS = (
					"DEBUG=1",
					"$(inherited)",
				);
				GCC_WARN_64_TO_32_BIT_CONVERSION = YES;
				GCC_WARN_ABOUT_RETURN_TYPE = YES_ERROR;
				GCC_WARN_UNDECLARED_SELECTOR = YES;
				GCC_WARN_UNINITIALIZED_AUTOS = YES_AGGRESSIVE;
				GCC_WARN_UNUSED_FUNCTION = YES;
				GCC_WARN_UNUSED_VARIABLE = YES;
				IPHONEOS_DEPLOYMENT_TARGET = 16.2;
				MTL_ENABLE_DEBUG_INFO = INCLUDE_SOURCE;
				MTL_FAST_MATH = YES;
				ONLY_ACTIVE_ARCH = YES;
				SDKROOT = iphoneos;
				SWIFT_ACTIVE_COMPILATION_CONDITIONS = DEBUG;
				SWIFT_OPTIMIZATION_LEVEL = "-Onone";
			};
			name = Debug;
		};
		14348A29295A35D200B75F89 /* Release */ = {
			isa = XCBuildConfiguration;
			buildSettings = {
				ALWAYS_SEARCH_USER_PATHS = NO;
				CLANG_ANALYZER_NONNULL = YES;
				CLANG_ANALYZER_NUMBER_OBJECT_CONVERSION = YES_AGGRESSIVE;
				CLANG_CXX_LANGUAGE_STANDARD = "gnu++20";
				CLANG_ENABLE_MODULES = YES;
				CLANG_ENABLE_OBJC_ARC = YES;
				CLANG_ENABLE_OBJC_WEAK = YES;
				CLANG_WARN_BLOCK_CAPTURE_AUTORELEASING = YES;
				CLANG_WARN_BOOL_CONVERSION = YES;
				CLANG_WARN_COMMA = YES;
				CLANG_WARN_CONSTANT_CONVERSION = YES;
				CLANG_WARN_DEPRECATED_OBJC_IMPLEMENTATIONS = YES;
				CLANG_WARN_DIRECT_OBJC_ISA_USAGE = YES_ERROR;
				CLANG_WARN_DOCUMENTATION_COMMENTS = YES;
				CLANG_WARN_EMPTY_BODY = YES;
				CLANG_WARN_ENUM_CONVERSION = YES;
				CLANG_WARN_INFINITE_RECURSION = YES;
				CLANG_WARN_INT_CONVERSION = YES;
				CLANG_WARN_NON_LITERAL_NULL_CONVERSION = YES;
				CLANG_WARN_OBJC_IMPLICIT_RETAIN_SELF = YES;
				CLANG_WARN_OBJC_LITERAL_CONVERSION = YES;
				CLANG_WARN_OBJC_ROOT_CLASS = YES_ERROR;
				CLANG_WARN_QUOTED_INCLUDE_IN_FRAMEWORK_HEADER = YES;
				CLANG_WARN_RANGE_LOOP_ANALYSIS = YES;
				CLANG_WARN_STRICT_PROTOTYPES = YES;
				CLANG_WARN_SUSPICIOUS_MOVE = YES;
				CLANG_WARN_UNGUARDED_AVAILABILITY = YES_AGGRESSIVE;
				CLANG_WARN_UNREACHABLE_CODE = YES;
				CLANG_WARN__DUPLICATE_METHOD_MATCH = YES;
				COPY_PHASE_STRIP = NO;
				DEBUG_INFORMATION_FORMAT = "dwarf-with-dsym";
				ENABLE_NS_ASSERTIONS = NO;
				ENABLE_STRICT_OBJC_MSGSEND = YES;
				GCC_C_LANGUAGE_STANDARD = gnu11;
				GCC_NO_COMMON_BLOCKS = YES;
				GCC_WARN_64_TO_32_BIT_CONVERSION = YES;
				GCC_WARN_ABOUT_RETURN_TYPE = YES_ERROR;
				GCC_WARN_UNDECLARED_SELECTOR = YES;
				GCC_WARN_UNINITIALIZED_AUTOS = YES_AGGRESSIVE;
				GCC_WARN_UNUSED_FUNCTION = YES;
				GCC_WARN_UNUSED_VARIABLE = YES;
				IPHONEOS_DEPLOYMENT_TARGET = 16.2;
				MTL_ENABLE_DEBUG_INFO = NO;
				MTL_FAST_MATH = YES;
				SDKROOT = iphoneos;
				SWIFT_COMPILATION_MODE = wholemodule;
				SWIFT_OPTIMIZATION_LEVEL = "-O";
				VALIDATE_PRODUCT = YES;
			};
			name = Release;
		};
		14348A2B295A35D200B75F89 /* Debug */ = {
			isa = XCBuildConfiguration;
			buildSettings = {
				ASSETCATALOG_COMPILER_APPICON_NAME = AppIcon;
				ASSETCATALOG_COMPILER_GLOBAL_ACCENT_COLOR_NAME = AccentColor;
				CODE_SIGN_STYLE = Automatic;
				CURRENT_PROJECT_VERSION = 1;
				DEVELOPMENT_TEAM = QSM4MVH8RN;
				GENERATE_INFOPLIST_FILE = YES;
				INFOPLIST_FILE = mentor/Info.plist;
				INFOPLIST_KEY_UIApplicationSupportsIndirectInputEvents = YES;
				INFOPLIST_KEY_UILaunchStoryboardName = LaunchScreen;
				INFOPLIST_KEY_UISupportedInterfaceOrientations_iPad = "UIInterfaceOrientationPortrait UIInterfaceOrientationPortraitUpsideDown UIInterfaceOrientationLandscapeLeft UIInterfaceOrientationLandscapeRight";
				INFOPLIST_KEY_UISupportedInterfaceOrientations_iPhone = "UIInterfaceOrientationPortrait UIInterfaceOrientationLandscapeLeft UIInterfaceOrientationLandscapeRight";
				LD_RUNPATH_SEARCH_PATHS = (
					"$(inherited)",
					"@executable_path/Frameworks",
				);
				MARKETING_VERSION = 1.0;
				PRODUCT_BUNDLE_IDENTIFIER = kenansezginbas.mentor;
				PRODUCT_NAME = "$(TARGET_NAME)";
				SWIFT_EMIT_LOC_STRINGS = YES;
				SWIFT_VERSION = 5.0;
				TARGETED_DEVICE_FAMILY = "1,2";
			};
			name = Debug;
		};
		14348A2C295A35D200B75F89 /* Release */ = {
			isa = XCBuildConfiguration;
			buildSettings = {
				ASSETCATALOG_COMPILER_APPICON_NAME = AppIcon;
				ASSETCATALOG_COMPILER_GLOBAL_ACCENT_COLOR_NAME = AccentColor;
				CODE_SIGN_STYLE = Automatic;
				CURRENT_PROJECT_VERSION = 1;
				DEVELOPMENT_TEAM = QSM4MVH8RN;
				GENERATE_INFOPLIST_FILE = YES;
				INFOPLIST_FILE = mentor/Info.plist;
				INFOPLIST_KEY_UIApplicationSupportsIndirectInputEvents = YES;
				INFOPLIST_KEY_UILaunchStoryboardName = LaunchScreen;
				INFOPLIST_KEY_UISupportedInterfaceOrientations_iPad = "UIInterfaceOrientationPortrait UIInterfaceOrientationPortraitUpsideDown UIInterfaceOrientationLandscapeLeft UIInterfaceOrientationLandscapeRight";
				INFOPLIST_KEY_UISupportedInterfaceOrientations_iPhone = "UIInterfaceOrientationPortrait UIInterfaceOrientationLandscapeLeft UIInterfaceOrientationLandscapeRight";
				LD_RUNPATH_SEARCH_PATHS = (
					"$(inherited)",
					"@executable_path/Frameworks",
				);
				MARKETING_VERSION = 1.0;
				PRODUCT_BUNDLE_IDENTIFIER = kenansezginbas.mentor;
				PRODUCT_NAME = "$(TARGET_NAME)";
				SWIFT_EMIT_LOC_STRINGS = YES;
				SWIFT_VERSION = 5.0;
				TARGETED_DEVICE_FAMILY = "1,2";
			};
			name = Release;
		};
/* End XCBuildConfiguration section */

/* Begin XCConfigurationList section */
		14348A11295A35D100B75F89 /* Build configuration list for PBXProject "mentor" */ = {
			isa = XCConfigurationList;
			buildConfigurations = (
				14348A28295A35D200B75F89 /* Debug */,
				14348A29295A35D200B75F89 /* Release */,
			);
			defaultConfigurationIsVisible = 0;
			defaultConfigurationName = Release;
		};
		14348A2A295A35D200B75F89 /* Build configuration list for PBXNativeTarget "mentor" */ = {
			isa = XCConfigurationList;
			buildConfigurations = (
				14348A2B295A35D200B75F89 /* Debug */,
				14348A2C295A35D200B75F89 /* Release */,
			);
			defaultConfigurationIsVisible = 0;
			defaultConfigurationName = Release;
		};
/* End XCConfigurationList section */

/* Begin XCRemoteSwiftPackageReference section */
		14E4F155296B438300EAA64E /* XCRemoteSwiftPackageReference "firebase-ios-sdk" */ = {
			isa = XCRemoteSwiftPackageReference;
			repositoryURL = "https://github.com/firebase/firebase-ios-sdk.git";
			requirement = {
				branch = master;
				kind = branch;
			};
		};
/* End XCRemoteSwiftPackageReference section */

/* Begin XCSwiftPackageProductDependency section */
		14E4F156296B438300EAA64E /* FirebaseAuth */ = {
			isa = XCSwiftPackageProductDependency;
			package = 14E4F155296B438300EAA64E /* XCRemoteSwiftPackageReference "firebase-ios-sdk" */;
			productName = FirebaseAuth;
		};
		14E4F158296B438300EAA64E /* FirebaseDatabase */ = {
			isa = XCSwiftPackageProductDependency;
			package = 14E4F155296B438300EAA64E /* XCRemoteSwiftPackageReference "firebase-ios-sdk" */;
			productName = FirebaseDatabase;
		};
		14E4F15A296B438300EAA64E /* FirebaseFirestore */ = {
			isa = XCSwiftPackageProductDependency;
			package = 14E4F155296B438300EAA64E /* XCRemoteSwiftPackageReference "firebase-ios-sdk" */;
			productName = FirebaseFirestore;
		};
		14E4F15C296B438300EAA64E /* FirebaseFunctions */ = {
			isa = XCSwiftPackageProductDependency;
			package = 14E4F155296B438300EAA64E /* XCRemoteSwiftPackageReference "firebase-ios-sdk" */;
			productName = FirebaseFunctions;
		};
		14E4F15E296B438300EAA64E /* FirebaseStorage */ = {
			isa = XCSwiftPackageProductDependency;
			package = 14E4F155296B438300EAA64E /* XCRemoteSwiftPackageReference "firebase-ios-sdk" */;
			productName = FirebaseStorage;
		};
/* End XCSwiftPackageProductDependency section */
	};
	rootObject = 14348A0E295A35D100B75F89 /* Project object */;
}
